{
	"name": "@pgs-to-srt/pgs-to-srt",
	"version": "0.0.1",
	"lockfileVersion": 3,
	"requires": true,
	"packages": {
		"": {
			"name": "@pgs-to-srt/pgs-to-srt",
			"version": "0.0.1",
			"workspaces": [
				"packages/*"
			],
			"devDependencies": {
				"@biomejs/biome": "1.7.2",
				"husky": "9.0.11"
			}
		},
		"node_modules/@biomejs/biome": {
			"version": "1.7.2",
			"resolved": "https://registry.npmjs.org/@biomejs/biome/-/biome-1.7.2.tgz",
			"integrity": "sha512-6Skx9N47inLQzYi9RKgJ7PBnUnaHnMe/imqX43cOcJjZtfMnQLxEvfM2Eyo7gChkwrZlwc+VbA4huFRjw2fsYA==",
			"dev": true,
			"hasInstallScript": true,
			"bin": {
				"biome": "bin/biome"
			},
			"engines": {
				"node": ">=14.21.3"
			},
			"funding": {
				"type": "opencollective",
				"url": "https://opencollective.com/biome"
			},
			"optionalDependencies": {
				"@biomejs/cli-darwin-arm64": "1.7.2",
				"@biomejs/cli-darwin-x64": "1.7.2",
				"@biomejs/cli-linux-arm64": "1.7.2",
				"@biomejs/cli-linux-arm64-musl": "1.7.2",
				"@biomejs/cli-linux-x64": "1.7.2",
				"@biomejs/cli-linux-x64-musl": "1.7.2",
				"@biomejs/cli-win32-arm64": "1.7.2",
				"@biomejs/cli-win32-x64": "1.7.2"
			}
		},
		"node_modules/@biomejs/cli-darwin-arm64": {
			"version": "1.7.2",
			"resolved": "https://registry.npmjs.org/@biomejs/cli-darwin-arm64/-/cli-darwin-arm64-1.7.2.tgz",
			"integrity": "sha512-CrldIueHivWEWmeTkK8bTXajeX53F8i2Rrkkt8cPZyMtzkrwxf8Riq4a/jz3SQBHkxHFT4TqGbSTNMXe3X1ogA==",
			"cpu": [
				"arm64"
			],
			"dev": true,
			"optional": true,
			"os": [
				"darwin"
			],
			"engines": {
				"node": ">=14.21.3"
			}
		},
		"node_modules/@biomejs/cli-darwin-x64": {
			"version": "1.7.2",
			"resolved": "https://registry.npmjs.org/@biomejs/cli-darwin-x64/-/cli-darwin-x64-1.7.2.tgz",
			"integrity": "sha512-UELnLJuJOsTL9meArvn8BtiXDURyPil2Ej9me2uVpEvee8UQdqd/bssP5we400OWShlL1AAML4fn6d2WX5332g==",
			"cpu": [
				"x64"
			],
			"dev": true,
			"optional": true,
			"os": [
				"darwin"
			],
			"engines": {
				"node": ">=14.21.3"
			}
		},
		"node_modules/@biomejs/cli-linux-arm64": {
			"version": "1.7.2",
			"resolved": "https://registry.npmjs.org/@biomejs/cli-linux-arm64/-/cli-linux-arm64-1.7.2.tgz",
			"integrity": "sha512-Z1CSGQE6fHz55gkiFHv9E8wEAaSUd7dHSRaxSCBa7utonHqpIeMbvj3Evm1w0WfGLFDtRXLV1fTfEdM0FMTOhA==",
			"cpu": [
				"arm64"
			],
			"dev": true,
			"optional": true,
			"os": [
				"linux"
			],
			"engines": {
				"node": ">=14.21.3"
			}
		},
		"node_modules/@biomejs/cli-linux-arm64-musl": {
			"version": "1.7.2",
			"resolved": "https://registry.npmjs.org/@biomejs/cli-linux-arm64-musl/-/cli-linux-arm64-musl-1.7.2.tgz",
			"integrity": "sha512-kKYZiem7Sj7wI0dpVxJlK7C+TFQwzO/ctufIGXGJAyEmUe9vEKSzV8CXpv+JIRiTWyqaZJ4K+eHz4SPdPCv05w==",
			"cpu": [
				"arm64"
			],
			"dev": true,
			"optional": true,
			"os": [
				"linux"
			],
			"engines": {
				"node": ">=14.21.3"
			}
		},
		"node_modules/@biomejs/cli-linux-x64": {
			"version": "1.7.2",
			"resolved": "https://registry.npmjs.org/@biomejs/cli-linux-x64/-/cli-linux-x64-1.7.2.tgz",
			"integrity": "sha512-vXXyox8/CQijBxAu0+r8FfSO7JlC4tob3PbaFda8gPJFRz2uFJw39HtxVUwbTV1EcU6wSPh4SiRu5sZfP1VHrQ==",
			"cpu": [
				"x64"
			],
			"dev": true,
			"optional": true,
			"os": [
				"linux"
			],
			"engines": {
				"node": ">=14.21.3"
			}
		},
		"node_modules/@biomejs/cli-linux-x64-musl": {
			"version": "1.7.2",
			"resolved": "https://registry.npmjs.org/@biomejs/cli-linux-x64-musl/-/cli-linux-x64-musl-1.7.2.tgz",
			"integrity": "sha512-x10LpGMepDrLS+h2TZ6/T7egpHjGKtiI4GuShNylmBQJWfTotbFf9eseHggrqJ4WZf9yrGoVYrtbxXftuB95sQ==",
			"cpu": [
				"x64"
			],
			"dev": true,
			"optional": true,
			"os": [
				"linux"
			],
			"engines": {
				"node": ">=14.21.3"
			}
		},
		"node_modules/@biomejs/cli-win32-arm64": {
			"version": "1.7.2",
			"resolved": "https://registry.npmjs.org/@biomejs/cli-win32-arm64/-/cli-win32-arm64-1.7.2.tgz",
			"integrity": "sha512-kRXdlKzcU7INf6/ldu0nVmkOgt7bKqmyXRRCUqqaJfA32+9InTbkD8tGrHZEVYIWr+eTuKcg16qZVDsPSDFZ8g==",
			"cpu": [
				"arm64"
			],
			"dev": true,
			"optional": true,
			"os": [
				"win32"
			],
			"engines": {
				"node": ">=14.21.3"
			}
		},
		"node_modules/@biomejs/cli-win32-x64": {
			"version": "1.7.2",
			"resolved": "https://registry.npmjs.org/@biomejs/cli-win32-x64/-/cli-win32-x64-1.7.2.tgz",
			"integrity": "sha512-qHTtpAs+CNglAAuaTy09htoqUhrQyd3nd0aGTuLNqD10h1llMVi8WFZfoa+e5MuDSfYtMK6nW2Tbf6WgzzR1Qw==",
			"cpu": [
				"x64"
			],
			"dev": true,
			"optional": true,
			"os": [
				"win32"
			],
			"engines": {
				"node": ">=14.21.3"
			}
		},
		"node_modules/@pgs-to-srt/lib": {
			"resolved": "packages/lib",
			"link": true
		},
		"node_modules/@pgs-to-srt/worker": {
			"resolved": "packages/worker",
			"link": true
		},
		"node_modules/@sentry-internal/feedback": {
			"version": "7.113.0",
			"resolved": "https://registry.npmjs.org/@sentry-internal/feedback/-/feedback-7.113.0.tgz",
			"integrity": "sha512-eEmL8QXauUnM3FXGv0GT29RpL0Jo0pkn/uMu3aqjhQo7JKNqUGVYIUxJxiGWbVMbDXqPQ7L66bjjMS3FR1GM2g==",
			"dependencies": {
				"@sentry/core": "7.113.0",
				"@sentry/types": "7.113.0",
				"@sentry/utils": "7.113.0"
			},
			"engines": {
				"node": ">=12"
			}
		},
		"node_modules/@sentry-internal/replay-canvas": {
			"version": "7.113.0",
			"resolved": "https://registry.npmjs.org/@sentry-internal/replay-canvas/-/replay-canvas-7.113.0.tgz",
			"integrity": "sha512-K8uA42aobNF/BAXf14el15iSAi9fonLBUrjZi6nPDq7zaA8rPvfcTL797hwCbqkETz2zDf52Jz7I3WFCshDoUw==",
			"dependencies": {
				"@sentry/core": "7.113.0",
				"@sentry/replay": "7.113.0",
				"@sentry/types": "7.113.0",
				"@sentry/utils": "7.113.0"
			},
			"engines": {
				"node": ">=12"
			}
		},
		"node_modules/@sentry-internal/tracing": {
			"version": "7.113.0",
			"resolved": "https://registry.npmjs.org/@sentry-internal/tracing/-/tracing-7.113.0.tgz",
			"integrity": "sha512-8MDnYENRMnEfQjvN4gkFYFaaBSiMFSU/6SQZfY9pLI3V105z6JQ4D0PGMAUVowXilwNZVpKNYohE7XByuhEC7Q==",
			"dependencies": {
				"@sentry/core": "7.113.0",
				"@sentry/types": "7.113.0",
				"@sentry/utils": "7.113.0"
			},
			"engines": {
				"node": ">=8"
			}
		},
		"node_modules/@sentry/browser": {
			"version": "7.113.0",
			"resolved": "https://registry.npmjs.org/@sentry/browser/-/browser-7.113.0.tgz",
			"integrity": "sha512-PdyVHPOprwoxGfKGsP2dXDWO0MBDW1eyP7EZlfZvM1A4hjk6ZRNfCv30g+TrqX4hiZDKzyqN3+AdP7N/J2IX0Q==",
			"dependencies": {
				"@sentry-internal/feedback": "7.113.0",
				"@sentry-internal/replay-canvas": "7.113.0",
				"@sentry-internal/tracing": "7.113.0",
				"@sentry/core": "7.113.0",
				"@sentry/integrations": "7.113.0",
				"@sentry/replay": "7.113.0",
				"@sentry/types": "7.113.0",
				"@sentry/utils": "7.113.0"
			},
			"engines": {
				"node": ">=8"
			}
		},
		"node_modules/@sentry/core": {
			"version": "7.113.0",
			"resolved": "https://registry.npmjs.org/@sentry/core/-/core-7.113.0.tgz",
			"integrity": "sha512-pg75y3C5PG2+ur27A0Re37YTCEnX0liiEU7EOxWDGutH17x3ySwlYqLQmZsFZTSnvzv7t3MGsNZ8nT5O0746YA==",
			"dependencies": {
				"@sentry/types": "7.113.0",
				"@sentry/utils": "7.113.0"
			},
			"engines": {
				"node": ">=8"
			}
		},
		"node_modules/@sentry/integrations": {
			"version": "7.113.0",
			"resolved": "https://registry.npmjs.org/@sentry/integrations/-/integrations-7.113.0.tgz",
			"integrity": "sha512-w0sspGBQ+6+V/9bgCkpuM3CGwTYoQEVeTW6iNebFKbtN7MrM3XsGAM9I2cW1jVxFZROqCBPFtd2cs5n0j14aAg==",
			"dependencies": {
				"@sentry/core": "7.113.0",
				"@sentry/types": "7.113.0",
				"@sentry/utils": "7.113.0",
				"localforage": "^1.8.1"
			},
			"engines": {
				"node": ">=8"
			}
		},
		"node_modules/@sentry/replay": {
			"version": "7.113.0",
			"resolved": "https://registry.npmjs.org/@sentry/replay/-/replay-7.113.0.tgz",
			"integrity": "sha512-UD2IaphOWKFdeGR+ZiaNAQ+wFsnwbJK6PNwcW6cHmWKv9COlKufpFt06lviaqFZ8jmNrM4H+r+R8YVTrqCuxgg==",
			"dependencies": {
				"@sentry-internal/tracing": "7.113.0",
				"@sentry/core": "7.113.0",
				"@sentry/types": "7.113.0",
				"@sentry/utils": "7.113.0"
			},
			"engines": {
				"node": ">=12"
			}
		},
		"node_modules/@sentry/types": {
			"version": "7.113.0",
			"resolved": "https://registry.npmjs.org/@sentry/types/-/types-7.113.0.tgz",
			"integrity": "sha512-PJbTbvkcPu/LuRwwXB1He8m+GjDDLKBtu3lWg5xOZaF5IRdXQU2xwtdXXsjge4PZR00tF7MO7X8ZynTgWbYaew==",
			"engines": {
				"node": ">=8"
			}
		},
		"node_modules/@sentry/utils": {
			"version": "7.113.0",
			"resolved": "https://registry.npmjs.org/@sentry/utils/-/utils-7.113.0.tgz",
			"integrity": "sha512-nzKsErwmze1mmEsbW2AwL2oB+I5v6cDEJY4sdfLekA4qZbYZ8pV5iWza6IRl4XfzGTE1qpkZmEjPU9eyo0yvYw==",
			"dependencies": {
				"@sentry/types": "7.113.0"
			},
			"engines": {
				"node": ">=8"
			}
		},
		"node_modules/@supercharge/promise-pool": {
			"version": "3.2.0",
			"resolved": "https://registry.npmjs.org/@supercharge/promise-pool/-/promise-pool-3.2.0.tgz",
			"integrity": "sha512-pj0cAALblTZBPtMltWOlZTQSLT07jIaFNeM8TWoJD1cQMgDB9mcMlVMoetiB35OzNJpqQ2b+QEtwiR9f20mADg==",
			"engines": {
				"node": ">=8"
			}
		},
		"node_modules/@tsconfig/recommended": {
			"version": "1.0.6",
			"resolved": "https://registry.npmjs.org/@tsconfig/recommended/-/recommended-1.0.6.tgz",
			"integrity": "sha512-0IKu9GHYF1NGTJiYgfWwqnOQSlnE9V9R7YohHNNf0/fj/SyOZWzdd06JFr0fLpg1Mqw0kGbYg8w5xdkSqLKM9g==",
			"dev": true
		},
		"node_modules/@tsconfig/strictest": {
			"version": "2.0.5",
			"resolved": "https://registry.npmjs.org/@tsconfig/strictest/-/strictest-2.0.5.tgz",
			"integrity": "sha512-ec4tjL2Rr0pkZ5hww65c+EEPYwxOi4Ryv+0MtjeaSQRJyq322Q27eOQiFbuNgw2hpL4hB1/W/HBGk3VKS43osg==",
			"dev": true
		},
		"node_modules/@types/bmp-js": {
			"version": "0.1.2",
			"resolved": "https://registry.npmjs.org/@types/bmp-js/-/bmp-js-0.1.2.tgz",
			"integrity": "sha512-BF6u+M+KySDBKfr1DQOT3+z42n4/tq62uf9ong4i2SLLpa7mJqPwEmKbNgMzlVliT/jtE6elxyD/0X1mja8jLg==",
			"dev": true,
			"dependencies": {
				"@types/node": "*"
			}
		},
		"node_modules/@types/gtag.js": {
			"version": "0.0.19",
			"resolved": "https://registry.npmjs.org/@types/gtag.js/-/gtag.js-0.0.19.tgz",
			"integrity": "sha512-KHoDzrf9rSd0mooKN576PjExpdk/XRrNu4RQnmigsScSTSidwyOUe9kDrHz9UPKjiBrx2QEsSkexbJSgS0j72w==",
			"dev": true
		},
		"node_modules/@types/node": {
			"version": "20.12.8",
			"resolved": "https://registry.npmjs.org/@types/node/-/node-20.12.8.tgz",
			"integrity": "sha512-NU0rJLJnshZWdE/097cdCBbyW1h4hEg0xpovcoAQYHl8dnEyp/NAOiE45pvc+Bd1Dt+2r94v2eGFpQJ4R7g+2w==",
			"dev": true,
			"dependencies": {
				"undici-types": "~5.26.4"
			}
		},
		"node_modules/binary-parser": {
			"version": "2.2.1",
			"resolved": "https://registry.npmjs.org/binary-parser/-/binary-parser-2.2.1.tgz",
			"integrity": "sha512-5ATpz/uPDgq5GgEDxTB4ouXCde7q2lqAQlSdBRQVl/AJnxmQmhIfyxJx+0MGu//D5rHQifkfGbWWlaysG0o9NA==",
			"engines": {
				"node": ">=12"
			}
		},
		"node_modules/bmp-js": {
			"version": "0.1.0",
			"resolved": "https://registry.npmjs.org/bmp-js/-/bmp-js-0.1.0.tgz",
			"integrity": "sha512-vHdS19CnY3hwiNdkaqk93DvjVLfbEcI8mys4UjuWrlX1haDmroo8o4xCzh4wD6DGV6HxRCyauwhHRqMTfERtjw=="
		},
		"node_modules/comlink": {
			"version": "4.4.1",
			"resolved": "https://registry.npmjs.org/comlink/-/comlink-4.4.1.tgz",
			"integrity": "sha512-+1dlx0aY5Jo1vHy/tSsIGpSkN4tS9rZSW8FIhG0JH/crs9wwweswIo/POr451r7bZww3hFbPAKnTpimzL/mm4Q=="
		},
		"node_modules/husky": {
			"version": "9.0.11",
			"resolved": "https://registry.npmjs.org/husky/-/husky-9.0.11.tgz",
			"integrity": "sha512-AB6lFlbwwyIqMdHYhwPe+kjOC3Oc5P3nThEoW/AaO2BX3vJDjWPFxYLxokUZOo6RNX20He3AaT8sESs9NJcmEw==",
			"dev": true,
			"bin": {
				"husky": "bin.mjs"
			},
			"engines": {
				"node": ">=18"
			},
			"funding": {
				"url": "https://github.com/sponsors/typicode"
			}
		},
		"node_modules/immediate": {
			"version": "3.0.6",
			"resolved": "https://registry.npmjs.org/immediate/-/immediate-3.0.6.tgz",
			"integrity": "sha512-XXOFtyqDjNDAQxVfYxuF7g9Il/IbWmmlQg2MYKOH8ExIT1qg6xc4zyS3HaEEATgs1btfzxq15ciUiY7gjSXRGQ=="
		},
		"node_modules/lie": {
			"version": "3.1.1",
			"resolved": "https://registry.npmjs.org/lie/-/lie-3.1.1.tgz",
			"integrity": "sha512-RiNhHysUjhrDQntfYSfY4MU24coXXdEOgw9WGcKHNeEwffDYbF//u87M1EWaMGzuFoSbqW0C9C6lEEhDOAswfw==",
			"dependencies": {
				"immediate": "~3.0.5"
			}
		},
		"node_modules/localforage": {
			"version": "1.10.0",
			"resolved": "https://registry.npmjs.org/localforage/-/localforage-1.10.0.tgz",
			"integrity": "sha512-14/H1aX7hzBBmmh7sGPd+AOMkkIrHM3Z1PAyGgZigA1H1p5O5ANnMyWzvpAETtG68/dC4pC0ncy3+PPGzXZHPg==",
			"dependencies": {
				"lie": "3.1.1"
			}
		},
		"node_modules/p-timeout": {
			"version": "6.1.2",
			"resolved": "https://registry.npmjs.org/p-timeout/-/p-timeout-6.1.2.tgz",
			"integrity": "sha512-UbD77BuZ9Bc9aABo74gfXhNvzC9Tx7SxtHSh1fxvx3jTLLYvmVhiQZZrJzqqU0jKbN32kb5VOKiLEQI/3bIjgQ==",
			"engines": {
				"node": ">=14.16"
			},
			"funding": {
				"url": "https://github.com/sponsors/sindresorhus"
			}
		},
		"node_modules/pgs-to-srt-web": {
			"resolved": "packages/web",
			"link": true
		},
		"node_modules/typescript": {
			"version": "5.4.5",
			"resolved": "https://registry.npmjs.org/typescript/-/typescript-5.4.5.tgz",
			"integrity": "sha512-vcI4UpRgg81oIRUFwR0WSIHKt11nJ7SAVlYNIu+QpqeyXP+gpQJy/Z4+F0aGxSE4MqwjyXvW/TzgkLAx2AGHwQ==",
			"dev": true,
			"bin": {
				"tsc": "bin/tsc",
				"tsserver": "bin/tsserver"
			},
			"engines": {
				"node": ">=14.17"
			}
		},
		"node_modules/undici-types": {
			"version": "5.26.5",
			"resolved": "https://registry.npmjs.org/undici-types/-/undici-types-5.26.5.tgz",
			"integrity": "sha512-JlCMO+ehdEIKqlFxk6IfVoAUVmgz7cU7zD/h9XZ0qzeosSHmUJVOzSQvvYSYWXkFXC+IfLKSIffhv0sVZup6pA==",
			"dev": true
		},
		"node_modules/zod": {
			"version": "3.23.6",
			"resolved": "https://registry.npmjs.org/zod/-/zod-3.23.6.tgz",
			"integrity": "sha512-RTHJlZhsRbuA8Hmp/iNL7jnfc4nZishjsanDAfEY1QpDQZCahUp3xDzl+zfweE9BklxMUcgBgS1b7Lvie/ZVwA==",
			"funding": {
				"url": "https://github.com/sponsors/colinhacks"
			}
		},
		"packages/lib": {
			"name": "@pgs-to-srt/lib",
			"version": "0.0.1",
			"dependencies": {
				"@pgs-to-srt/worker": "*",
				"@supercharge/promise-pool": "^3.2.0",
				"binary-parser": "^2.2.1",
				"bmp-js": "0.1.0",
				"comlink": "^4.4.1",
				"p-timeout": "^6.1.2"
			},
			"devDependencies": {
				"@tsconfig/strictest": "2.0.5",
				"@types/bmp-js": "0.1.2",
				"typescript": "5.4.5"
			}
		},
		"packages/web": {
			"name": "pgs-to-srt-web",
			"version": "1.0.0",
			"dependencies": {
				"@sentry/browser": "^7.108.0"
			},
			"devDependencies": {
				"@tsconfig/recommended": "^1.0.4",
				"@types/gtag.js": "^0.0.19",
				"typescript": "^5.4.5"
			}
		},
		"packages/worker": {
			"name": "@pgs-to-srt/worker",
			"version": "0.0.1",
			"dependencies": {
				"comlink": "^4.4.1",
				"zod": "^3.22.4"
			},
			"devDependencies": {
				"@tsconfig/strictest": "2.0.5",
				"typescript": "5.4.5"
			}
		}
	}
}
