{
  "name": "pgs-to-srt-web",
  "version": "1.0.0",
  "lockfileVersion": 3,
  "requires": true,
  "packages": {
    "": {
      "name": "pgs-to-srt-web",
      "version": "1.0.0",
      "dependencies": {
        "@sentry/browser": "^7.113.0"
      },
      "devDependencies": {
        "@tsconfig/recommended": "^1.0.6",
        "@types/gtag.js": "^0.0.19",
        "typescript": "^5.4.5"
      }
    },
    "node_modules/@sentry-internal/feedback": {
      "version": "7.113.0",
      "resolved": "https://registry.npmjs.org/@sentry-internal/feedback/-/feedback-7.113.0.tgz",
      "integrity": "sha512-eEmL8QXauUnM3FXGv0GT29RpL0Jo0pkn/uMu3aqjhQo7JKNqUGVYIUxJxiGWbVMbDXqPQ7L66bjjMS3FR1GM2g==",
      "dependencies": {
        "@sentry/core": "7.113.0",
        "@sentry/types": "7.113.0",
        "@sentry/utils": "7.113.0"
      },
      "engines": {
        "node": ">=12"
      }
    },
    "node_modules/@sentry-internal/replay-canvas": {
      "version": "7.113.0",
      "resolved": "https://registry.npmjs.org/@sentry-internal/replay-canvas/-/replay-canvas-7.113.0.tgz",
      "integrity": "sha512-K8uA42aobNF/BAXf14el15iSAi9fonLBUrjZi6nPDq7zaA8rPvfcTL797hwCbqkETz2zDf52Jz7I3WFCshDoUw==",
      "dependencies": {
        "@sentry/core": "7.113.0",
        "@sentry/replay": "7.113.0",
        "@sentry/types": "7.113.0",
        "@sentry/utils": "7.113.0"
      },
      "engines": {
        "node": ">=12"
      }
    },
    "node_modules/@sentry-internal/tracing": {
      "version": "7.113.0",
      "resolved": "https://registry.npmjs.org/@sentry-internal/tracing/-/tracing-7.113.0.tgz",
      "integrity": "sha512-8MDnYENRMnEfQjvN4gkFYFaaBSiMFSU/6SQZfY9pLI3V105z6JQ4D0PGMAUVowXilwNZVpKNYohE7XByuhEC7Q==",
      "dependencies": {
        "@sentry/core": "7.113.0",
        "@sentry/types": "7.113.0",
        "@sentry/utils": "7.113.0"
      },
      "engines": {
        "node": ">=8"
      }
    },
    "node_modules/@sentry/browser": {
      "version": "7.113.0",
      "resolved": "https://registry.npmjs.org/@sentry/browser/-/browser-7.113.0.tgz",
      "integrity": "sha512-PdyVHPOprwoxGfKGsP2dXDWO0MBDW1eyP7EZlfZvM1A4hjk6ZRNfCv30g+TrqX4hiZDKzyqN3+AdP7N/J2IX0Q==",
      "dependencies": {
        "@sentry-internal/feedback": "7.113.0",
        "@sentry-internal/replay-canvas": "7.113.0",
        "@sentry-internal/tracing": "7.113.0",
        "@sentry/core": "7.113.0",
        "@sentry/integrations": "7.113.0",
        "@sentry/replay": "7.113.0",
        "@sentry/types": "7.113.0",
        "@sentry/utils": "7.113.0"
      },
      "engines": {
        "node": ">=8"
      }
    },
    "node_modules/@sentry/core": {
      "version": "7.113.0",
      "resolved": "https://registry.npmjs.org/@sentry/core/-/core-7.113.0.tgz",
      "integrity": "sha512-pg75y3C5PG2+ur27A0Re37YTCEnX0liiEU7EOxWDGutH17x3ySwlYqLQmZsFZTSnvzv7t3MGsNZ8nT5O0746YA==",
      "dependencies": {
        "@sentry/types": "7.113.0",
        "@sentry/utils": "7.113.0"
      },
      "engines": {
        "node": ">=8"
      }
    },
    "node_modules/@sentry/integrations": {
      "version": "7.113.0",
      "resolved": "https://registry.npmjs.org/@sentry/integrations/-/integrations-7.113.0.tgz",
      "integrity": "sha512-w0sspGBQ+6+V/9bgCkpuM3CGwTYoQEVeTW6iNebFKbtN7MrM3XsGAM9I2cW1jVxFZROqCBPFtd2cs5n0j14aAg==",
      "dependencies": {
        "@sentry/core": "7.113.0",
        "@sentry/types": "7.113.0",
        "@sentry/utils": "7.113.0",
        "localforage": "^1.8.1"
      },
      "engines": {
        "node": ">=8"
      }
    },
    "node_modules/@sentry/replay": {
      "version": "7.113.0",
      "resolved": "https://registry.npmjs.org/@sentry/replay/-/replay-7.113.0.tgz",
      "integrity": "sha512-UD2IaphOWKFdeGR+ZiaNAQ+wFsnwbJK6PNwcW6cHmWKv9COlKufpFt06lviaqFZ8jmNrM4H+r+R8YVTrqCuxgg==",
      "dependencies": {
        "@sentry-internal/tracing": "7.113.0",
        "@sentry/core": "7.113.0",
        "@sentry/types": "7.113.0",
        "@sentry/utils": "7.113.0"
      },
      "engines": {
        "node": ">=12"
      }
    },
    "node_modules/@sentry/types": {
      "version": "7.113.0",
      "resolved": "https://registry.npmjs.org/@sentry/types/-/types-7.113.0.tgz",
      "integrity": "sha512-PJbTbvkcPu/LuRwwXB1He8m+GjDDLKBtu3lWg5xOZaF5IRdXQU2xwtdXXsjge4PZR00tF7MO7X8ZynTgWbYaew==",
      "engines": {
        "node": ">=8"
      }
    },
    "node_modules/@sentry/utils": {
      "version": "7.113.0",
      "resolved": "https://registry.npmjs.org/@sentry/utils/-/utils-7.113.0.tgz",
      "integrity": "sha512-nzKsErwmze1mmEsbW2AwL2oB+I5v6cDEJY4sdfLekA4qZbYZ8pV5iWza6IRl4XfzGTE1qpkZmEjPU9eyo0yvYw==",
      "dependencies": {
        "@sentry/types": "7.113.0"
      },
      "engines": {
        "node": ">=8"
      }
    },
    "node_modules/@tsconfig/recommended": {
      "version": "1.0.6",
      "resolved": "https://registry.npmjs.org/@tsconfig/recommended/-/recommended-1.0.6.tgz",
      "integrity": "sha512-0IKu9GHYF1NGTJiYgfWwqnOQSlnE9V9R7YohHNNf0/fj/SyOZWzdd06JFr0fLpg1Mqw0kGbYg8w5xdkSqLKM9g==",
      "dev": true
    },
    "node_modules/@types/gtag.js": {
      "version": "0.0.19",
      "resolved": "https://registry.npmjs.org/@types/gtag.js/-/gtag.js-0.0.19.tgz",
      "integrity": "sha512-KHoDzrf9rSd0mooKN576PjExpdk/XRrNu4RQnmigsScSTSidwyOUe9kDrHz9UPKjiBrx2QEsSkexbJSgS0j72w==",
      "dev": true
    },
    "node_modules/immediate": {
      "version": "3.0.6",
      "resolved": "https://registry.npmjs.org/immediate/-/immediate-3.0.6.tgz",
      "integrity": "sha512-XXOFtyqDjNDAQxVfYxuF7g9Il/IbWmmlQg2MYKOH8ExIT1qg6xc4zyS3HaEEATgs1btfzxq15ciUiY7gjSXRGQ=="
    },
    "node_modules/lie": {
      "version": "3.1.1",
      "resolved": "https://registry.npmjs.org/lie/-/lie-3.1.1.tgz",
      "integrity": "sha512-RiNhHysUjhrDQntfYSfY4MU24coXXdEOgw9WGcKHNeEwffDYbF//u87M1EWaMGzuFoSbqW0C9C6lEEhDOAswfw==",
      "dependencies": {
        "immediate": "~3.0.5"
      }
    },
    "node_modules/localforage": {
      "version": "1.10.0",
      "resolved": "https://registry.npmjs.org/localforage/-/localforage-1.10.0.tgz",
      "integrity": "sha512-14/H1aX7hzBBmmh7sGPd+AOMkkIrHM3Z1PAyGgZigA1H1p5O5ANnMyWzvpAETtG68/dC4pC0ncy3+PPGzXZHPg==",
      "dependencies": {
        "lie": "3.1.1"
      }
    },
    "node_modules/typescript": {
      "version": "5.4.5",
      "resolved": "https://registry.npmjs.org/typescript/-/typescript-5.4.5.tgz",
      "integrity": "sha512-vcI4UpRgg81oIRUFwR0WSIHKt11nJ7SAVlYNIu+QpqeyXP+gpQJy/Z4+F0aGxSE4MqwjyXvW/TzgkLAx2AGHwQ==",
      "dev": true,
      "bin": {
        "tsc": "bin/tsc",
        "tsserver": "bin/tsserver"
      },
      "engines": {
        "node": ">=14.17"
      }
    }
  }
}
