{
  "version": "2",
  "remote": {
    "https://deno.land/std@0.156.0/_util/assert.ts": "e94f2eb37cebd7f199952e242c77654e43333c1ac4c5c700e929ea3aa5489f74",
    "https://deno.land/std@0.156.0/_util/os.ts": "3b4c6e27febd119d36a416d7a97bd3b0251b77c88942c8f16ee5953ea13e2e49",
    "https://deno.land/std@0.156.0/path/_constants.ts": "df1db3ffa6dd6d1252cc9617e5d72165cd2483df90e93833e13580687b6083c3",
    "https://deno.land/std@0.156.0/path/_interface.ts": "ee3b431a336b80cf445441109d089b70d87d5e248f4f90ff906820889ecf8d09",
    "https://deno.land/std@0.156.0/path/_util.ts": "d16be2a16e1204b65f9d0dfc54a9bc472cafe5f4a190b3c8471ec2016ccd1677",
    "https://deno.land/std@0.156.0/path/common.ts": "bee563630abd2d97f99d83c96c2fa0cca7cee103e8cb4e7699ec4d5db7bd2633",
    "https://deno.land/std@0.156.0/path/glob.ts": "cb5255638de1048973c3e69e420c77dc04f75755524cb3b2e160fe9277d939ee",
    "https://deno.land/std@0.156.0/path/mod.ts": "56fec03ad0ebd61b6ab39ddb9b0ddb4c4a5c9f2f4f632e09dd37ec9ebfd722ac",
    "https://deno.land/std@0.156.0/path/posix.ts": "c1f7afe274290ea0b51da07ee205653b2964bd74909a82deb07b69a6cc383aaa",
    "https://deno.land/std@0.156.0/path/separator.ts": "fe1816cb765a8068afb3e8f13ad272351c85cbc739af56dacfc7d93d710fe0f9",
    "https://deno.land/std@0.156.0/path/win32.ts": "bd7549042e37879c68ff2f8576a25950abbfca1d696d41d82c7bca0b7e6f452c",
    "https://deno.land/std@0.173.0/_util/asserts.ts": "178dfc49a464aee693a7e285567b3d0b555dc805ff490505a8aae34f9cfb1462",
    "https://deno.land/std@0.173.0/_util/os.ts": "d932f56d41e4f6a6093d56044e29ce637f8dcc43c5a90af43504a889cf1775e3",
    "https://deno.land/std@0.173.0/async/abortable.ts": "73acfb3ed7261ce0d930dbe89e43db8d34e017b063cf0eaa7d215477bf53442e",
    "https://deno.land/std@0.173.0/async/deadline.ts": "b98e50d2c42399af03ad13bbb8cf59dadb9f0cd5d70648cc0c3b9202d75ab565",
    "https://deno.land/std@0.173.0/async/debounce.ts": "adab11d04ca38d699444ac8a9d9856b4155e8dda2afd07ce78276c01ea5a4332",
    "https://deno.land/std@0.173.0/async/deferred.ts": "42790112f36a75a57db4a96d33974a936deb7b04d25c6084a9fa8a49f135def8",
    "https://deno.land/std@0.173.0/async/delay.ts": "73aa04cec034c84fc748c7be49bb15cac3dd43a57174bfdb7a4aec22c248f0dd",
    "https://deno.land/std@0.173.0/async/mod.ts": "f04344fa21738e5ad6bea37a6bfffd57c617c2d372bb9f9dcfd118a1b622e576",
    "https://deno.land/std@0.173.0/async/mux_async_iterator.ts": "70c7f2ee4e9466161350473ad61cac0b9f115cff4c552eaa7ef9d50c4cbb4cc9",
    "https://deno.land/std@0.173.0/async/pool.ts": "fd082bd4aaf26445909889435a5c74334c017847842ec035739b4ae637ae8260",
    "https://deno.land/std@0.173.0/async/retry.ts": "5efa3ba450ac0c07a40a82e2df296287b5013755d232049efd7ea2244f15b20f",
    "https://deno.land/std@0.173.0/async/tee.ts": "47e42d35f622650b02234d43803d0383a89eb4387e1b83b5a40106d18ae36757",
    "https://deno.land/std@0.173.0/bytes/bytes_list.ts": "b4cbdfd2c263a13e8a904b12d082f6177ea97d9297274a4be134e989450dfa6a",
    "https://deno.land/std@0.173.0/bytes/concat.ts": "d26d6f3d7922e6d663dacfcd357563b7bf4a380ce5b9c2bbe0c8586662f25ce2",
    "https://deno.land/std@0.173.0/bytes/copy.ts": "939d89e302a9761dcf1d9c937c7711174ed74c59eef40a1e4569a05c9de88219",
    "https://deno.land/std@0.173.0/collections/_utils.ts": "5114abc026ddef71207a79609b984614e66a63a4bda17d819d56b0e72c51527e",
    "https://deno.land/std@0.173.0/collections/deep_merge.ts": "5a8ed29030f4471a5272785c57c3455fa79697b9a8f306013a8feae12bafc99a",
    "https://deno.land/std@0.173.0/crypto/_fnv/fnv32.ts": "e4649dfdefc5c987ed53c3c25db62db771a06d9d1b9c36d2b5cf0853b8e82153",
    "https://deno.land/std@0.173.0/crypto/_fnv/fnv64.ts": "bfa0e4702061fdb490a14e6bf5f9168a22fb022b307c5723499469bfefca555e",
    "https://deno.land/std@0.173.0/crypto/_fnv/index.ts": "169c213eb75de2d6738c1ed66a8e5782bd222b70b187cc4e7fb7b73edfcf0927",
    "https://deno.land/std@0.173.0/crypto/_fnv/util.ts": "accba12bfd80a352e32a872f87df2a195e75561f1b1304a4cb4f5a4648d288f9",
    "https://deno.land/std@0.173.0/crypto/_util.ts": "0522d1466e3c92df84cea94da85dbb7bd93e629dacb2aa5b39cab432ab7cb3d6",
    "https://deno.land/std@0.173.0/crypto/_wasm/lib/deno_std_wasm_crypto.generated.mjs": "5dedb7f9aa05f0e18ed017691c58df5f4686e4cbbd70368c6f896e5cca03f2b4",
    "https://deno.land/std@0.173.0/crypto/_wasm/mod.ts": "e2df88236fc061eac7a89e8cb0b97843f5280b08b2a990e473b7397a3e566003",
    "https://deno.land/std@0.173.0/crypto/crypto.ts": "d5ce53784ab7b1348095389426a7ea98536223fb143812ecb50724a0aa1ec657",
    "https://deno.land/std@0.173.0/crypto/keystack.ts": "877ab0f19eb7d37ad6495190d3c3e39f58e9c52e0b6a966f82fd6df67ca55f90",
    "https://deno.land/std@0.173.0/crypto/mod.ts": "885738e710868202d7328305b0c0c134e36a2d9c98ceab9513ea2442863c00eb",
    "https://deno.land/std@0.173.0/crypto/timing_safe_equal.ts": "8d69ab611c67fe51b6127d97fcfb4d8e7d0e1b6b4f3e0cc4ab86744c3691f965",
    "https://deno.land/std@0.173.0/crypto/to_hash_string.ts": "fe4e95239d7afb617f469bc2f76ff20f888ddb8d1385e0d92276f6e4d5a809d1",
    "https://deno.land/std@0.173.0/encoding/base64.ts": "7de04c2f8aeeb41453b09b186480be90f2ff357613b988e99fabb91d2eeceba1",
    "https://deno.land/std@0.173.0/encoding/base64url.ts": "3f1178f6446834457b16bfde8b559c1cd3481727fe384d3385e4a9995dc2d851",
    "https://deno.land/std@0.173.0/encoding/hex.ts": "50f8c95b52eae24395d3dfcb5ec1ced37c5fe7610ef6fffdcc8b0fdc38e3b32f",
    "https://deno.land/std@0.173.0/flags/mod.ts": "d1cdefa18472ef69858a17df5cf7c98445ed27ac10e1460183081303b0ebc270",
    "https://deno.land/std@0.173.0/fmt/colors.ts": "938c5d44d889fb82eff6c358bea8baa7e85950a16c9f6dae3ec3a7a729164471",
    "https://deno.land/std@0.173.0/fs/_util.ts": "65381f341af1ff7f40198cee15c20f59951ac26e51ddc651c5293e24f9ce6f32",
    "https://deno.land/std@0.173.0/fs/expand_glob.ts": "45d17e89796a24bd6002e4354eda67b4301bb8ba67d2cac8453cdabccf1d9ab0",
    "https://deno.land/std@0.173.0/fs/walk.ts": "ea95ffa6500c1eda6b365be488c056edc7c883a1db41ef46ec3bf057b1c0fe32",
    "https://deno.land/std@0.173.0/http/file_server.ts": "8c6f1b12966063aa83e943f20c3a4e4871a23bf832cd548a8d5c2437364c283b",
    "https://deno.land/std@0.173.0/http/http_status.ts": "8a7bcfe3ac025199ad804075385e57f63d055b2aed539d943ccc277616d6f932",
    "https://deno.land/std@0.173.0/http/server.ts": "cbb17b594651215ba95c01a395700684e569c165a567e4e04bba327f41197433",
    "https://deno.land/std@0.173.0/http/util.ts": "36c0b60c031f9e2ba024353ed11693f76c714551f9e766b36cdaacda54f25a21",
    "https://deno.land/std@0.173.0/io/buf_reader.ts": "90a7adcb3638d8e1361695cdf844d58bcd97c41711dc6f9f8acc0626ebe097f5",
    "https://deno.land/std@0.173.0/io/buf_writer.ts": "759c69d304b04d2909976f2a03a24a107276fbd81ed13593c5c2d43d104b52f3",
    "https://deno.land/std@0.173.0/io/buffer.ts": "24abd4a65403ca3fdffcb6d3f985b0285adfd785f1311ce681708a21126776ad",
    "https://deno.land/std@0.173.0/io/read_delim.ts": "7e102c66f00a118fa1e1ccd4abb080496f43766686907fd8b9522fdf85443586",
    "https://deno.land/std@0.173.0/io/read_lines.ts": "baee9e35034f2fdfccf63bc24b7e3cb45aa1c1c5de26d178f7bcbc572e87772f",
    "https://deno.land/std@0.173.0/io/read_string_delim.ts": "46eb0c9db3547caf8c759631effa200bbe48924f9b34f41edc627bde36cee52d",
    "https://deno.land/std@0.173.0/media_types/_db.ts": "7606d83e31f23ce1a7968cbaee852810c2cf477903a095696cdc62eaab7ce570",
    "https://deno.land/std@0.173.0/media_types/_util.ts": "916efbd30b6148a716f110e67a4db29d6949bf4048997b754415dd7e42c52378",
    "https://deno.land/std@0.173.0/media_types/content_type.ts": "c682589a0aeb016bfed355cc1ed6fbb3ead2ea48fc0000ac5de6a5730613ad1c",
    "https://deno.land/std@0.173.0/media_types/format_media_type.ts": "1e35e16562e5c417401ffc388a9f8f421f97f0ee06259cbe990c51bae4e6c7a8",
    "https://deno.land/std@0.173.0/media_types/get_charset.ts": "8be15a1fd31a545736b91ace56d0e4c66ea0d7b3fdc5c90760e8202e7b4b1fad",
    "https://deno.land/std@0.173.0/media_types/parse_media_type.ts": "bed260d868ea271445ae41d748e7afed9b5a7f407d2777ead08cecf73e9278de",
    "https://deno.land/std@0.173.0/media_types/type_by_extension.ts": "6076a7fc63181d70f92ec582fdea2c927eb2cfc7f9c9bee9d6add2aca86f2355",
    "https://deno.land/std@0.173.0/media_types/vendor/mime-db.v1.52.0.ts": "6925bbcae81ca37241e3f55908d0505724358cda3384eaea707773b2c7e99586",
    "https://deno.land/std@0.173.0/path/_constants.ts": "e49961f6f4f48039c0dfed3c3f93e963ca3d92791c9d478ac5b43183413136e0",
    "https://deno.land/std@0.173.0/path/_interface.ts": "6471159dfbbc357e03882c2266d21ef9afdb1e4aa771b0545e90db58a0ba314b",
    "https://deno.land/std@0.173.0/path/_util.ts": "86c2375a996c1931b2f2ac71fefd5ddf0cf0e579fa4ab12d3e4c552d4223b8d8",
    "https://deno.land/std@0.173.0/path/common.ts": "ee7505ab01fd22de3963b64e46cff31f40de34f9f8de1fff6a1bd2fe79380000",
    "https://deno.land/std@0.173.0/path/glob.ts": "d479e0a695621c94d3fd7fe7abd4f9499caf32a8de13f25073451c6ef420a4e1",
    "https://deno.land/std@0.173.0/path/mod.ts": "4b83694ac500d7d31b0cdafc927080a53dc0c3027eb2895790fb155082b0d232",
    "https://deno.land/std@0.173.0/path/posix.ts": "0874b341c2c6968ca38d323338b8b295ea1dae10fa872a768d812e2e7d634789",
    "https://deno.land/std@0.173.0/path/separator.ts": "0fb679739d0d1d7bf45b68dacfb4ec7563597a902edbaf3c59b50d5bcadd93b1",
    "https://deno.land/std@0.173.0/path/win32.ts": "672942919dd66ce1b8c224e77d3447e2ad8254eaff13fe6946420a9f78fa141e",
    "https://deno.land/std@0.173.0/streams/write_all.ts": "3b2e1ce44913f966348ce353d02fa5369e94115181037cd8b602510853ec3033",
    "https://deno.land/std@0.173.0/types.d.ts": "220ed56662a0bd393ba5d124aa6ae2ad36a00d2fcbc0e8666a65f4606aaa9784",
    "https://deno.land/std@0.173.0/version.ts": "917fd5156eead149a0e8ed4896a19b0d63c66fa84e75143a8f7445e7ef3b033e",
    "https://deno.land/x/denoflate@1.2.1/mod.ts": "f5628e44b80b3d80ed525afa2ba0f12408e3849db817d47a883b801f9ce69dd6",
    "https://deno.land/x/denoflate@1.2.1/pkg/denoflate.js": "b9f9ad9457d3f12f28b1fb35c555f57443427f74decb403113d67364e4f2caf4",
    "https://deno.land/x/denoflate@1.2.1/pkg/denoflate_bg.wasm.js": "d581956245407a2115a3d7e8d85a9641c032940a8e810acbd59ca86afd34d44d",
    "https://deno.land/x/esbuild@v0.15.10/mod.d.ts": "12e96a8d05c8e2c5638aa9cb09f24222134d437abb2f3f52de0156adb2270719",
    "https://deno.land/x/esbuild@v0.17.5/mod.d.ts": "dc279a3a46f084484453e617c0cabcd5b8bd1920c0e562e4ea02dfc828c8f968",
    "https://deno.land/x/esbuild@v0.17.5/mod.js": "dc1fca58bbb66e7e87d2234d6518a718ef54019525c2523506cbb6aa619eaa98",
    "https://deno.land/x/esbuild_deno_loader@0.6.0/deps.ts": "fe86f62cb954edc2580868cdc3292d4446f22cd2c4eedbf8ee26513fdf74e343",
    "https://deno.land/x/esbuild_deno_loader@0.6.0/mod.ts": "5d8a429b26c70f9fd522a8629e751f3bdf63680da473e537bc420d552ee3bf0b",
    "https://deno.land/x/esbuild_deno_loader@0.6.0/src/deno.ts": "0e83ccabbe2b004389288e38df2031b79eb347df2d139fce9394d8e88a11f259",
    "https://deno.land/x/esbuild_deno_loader@0.6.0/src/native_loader.ts": "343854a566cf510cf25144f7c09fc0c1097780a31830305142a075d12bb697ba",
    "https://deno.land/x/esbuild_deno_loader@0.6.0/src/portable_loader.ts": "35b6c526eed8c2c781a3256b23c30aa7cce69c0ef1d583c15528663287ba18a3",
    "https://deno.land/x/esbuild_deno_loader@0.6.0/src/shared.ts": "b64749cd8c0f6252a11498bd8758ef1220003e46b2c9b68e16da63fd7e92b13a",
    "https://deno.land/x/importmap@0.2.1/_util.ts": "ada9a9618b537e6c0316c048a898352396c882b9f2de38aba18fd3f2950ede89",
    "https://deno.land/x/importmap@0.2.1/mod.ts": "ae3d1cd7eabd18c01a4960d57db471126b020f23b37ef14e1359bbb949227ade",
    "https://deno.land/x/zod@v3.20.2/ZodError.ts": "b4ff327bd2870a7c0930b30cb1d6eb741d36a5a7d0755fc3aa7146c108bc8a0e",
    "https://deno.land/x/zod@v3.20.2/errors.ts": "5285922d2be9700cc0c70c95e4858952b07ae193aa0224be3cbd5cd5567eabef",
    "https://deno.land/x/zod@v3.20.2/external.ts": "a6cfbd61e9e097d5f42f8a7ed6f92f93f51ff927d29c9fbaec04f03cbce130fe",
    "https://deno.land/x/zod@v3.20.2/helpers/enumUtil.ts": "54efc393cc9860e687d8b81ff52e980def00fa67377ad0bf8b3104f8a5bf698c",
    "https://deno.land/x/zod@v3.20.2/helpers/errorUtil.ts": "7a77328240be7b847af6de9189963bd9f79cab32bbc61502a9db4fe6683e2ea7",
    "https://deno.land/x/zod@v3.20.2/helpers/parseUtil.ts": "920a5623929a4be9110412f82d16ccda537a58e153c942a6d6b8a38329f293a1",
    "https://deno.land/x/zod@v3.20.2/helpers/partialUtil.ts": "8dc921a02b47384cf52217c7e539268daf619f89319b75bdf13ea178815725df",
    "https://deno.land/x/zod@v3.20.2/helpers/typeAliases.ts": "0fda31a063c6736fc3cf9090dd94865c811dfff4f3cb8707b932bf937c6f2c3e",
    "https://deno.land/x/zod@v3.20.2/helpers/util.ts": "a2548e96d646ea4a80636e311e1e2310edc26d8249808883bb4e3ea9930d4197",
    "https://deno.land/x/zod@v3.20.2/index.ts": "035a7422d9f2be54daa0fe464254b69225b443000673e4794095d672471e8792",
    "https://deno.land/x/zod@v3.20.2/locales/en.ts": "ac7210faad6e67ec4f6dbe7062886f04db79ce91ae5ee6c9f64cbdf6221bc80e",
    "https://deno.land/x/zod@v3.20.2/mod.ts": "64e55237cb4410e17d968cd08975566059f27638ebb0b86048031b987ba251c4",
    "https://deno.land/x/zod@v3.20.2/types.ts": "82b5fbb30d1ad0ed4c212002ebf4d43f0b253921c358e205936e6ee2308914d1",
    "https://ga.jspm.io/npm:@sentry/browser@7.15.0/_/f343b1f4.js": "dbef654ee6fde89a7783de552985454230583d881fdf1ecfe0ae0d597ecd98ba",
    "https://ga.jspm.io/npm:@sentry/browser@7.15.0/esm/client.js": "46d21f12781bffeee01a9fc9de62122405621094f7401904c84c65bebc23c39a",
    "https://ga.jspm.io/npm:@sentry/browser@7.15.0/esm/helpers.js": "2b507b2b200a7522401b981471a5ef1c5aedbae49bbdea1238d23611c3d4db5e",
    "https://ga.jspm.io/npm:@sentry/browser@7.15.0/esm/index.js": "0f7167a8d81c0759f06a85c4c926459bd801a3bd4a5db4a406eec2b5d5169be5",
    "https://ga.jspm.io/npm:@sentry/browser@7.15.0/esm/integrations/breadcrumbs.js": "adfa6ea9427377338aae7228fb6bba68ba58a0e5778a60e17ece11a9c832dfdd",
    "https://ga.jspm.io/npm:@sentry/browser@7.15.0/esm/integrations/globalhandlers.js": "4dae1f1a35fb4b2894a3439c9707e18793a3e570e0b7e801e2aaee9134a74d2d",
    "https://ga.jspm.io/npm:@sentry/browser@7.15.0/esm/integrations/linkederrors.js": "efd9b5f68286e8757609f65cf5100f417c07f1dd90a55a4b6be256fe0184bf7f",
    "https://ga.jspm.io/npm:@sentry/core@7.15.0/_/7afb66d8.js": "6793ba2041423692102eb4950e9cac47383d8ae6733c5719b4710098f7de79e7",
    "https://ga.jspm.io/npm:@sentry/core@7.15.0/esm/index.js": "548bf9030af1c0db395f0b04225e44d51c61560a977d8b471909fd8338b92049",
    "https://ga.jspm.io/npm:@sentry/core@7.15.0/esm/integrations/functiontostring.js": "95ea88d435908048f5737986e02a5093e40a5f25df780a11b8ba9efa9929da11",
    "https://ga.jspm.io/npm:@sentry/core@7.15.0/esm/integrations/inboundfilters.js": "a94da429ffb122cefae92662224ace99e61a70fd635a7f08fe51a11ada57d22c",
    "https://ga.jspm.io/npm:@sentry/tracing@7.15.0/esm/index.js": "90e449af0ac81edf33bf818279c16d6e7c6fc402d32df1e385cb810a70065a17",
    "https://ga.jspm.io/npm:@sentry/utils@7.15.0/_/65877c0b.js": "83585346fab8c8b0d9916547f575ab774937a8454f84f11feb98573523f004a5",
    "https://ga.jspm.io/npm:@sentry/utils@7.15.0/_/7cebc644.js": "ac4df9df82365c8eb98a149a3122f68b2d5afecebe1314ee82fe4a4564d14753",
    "https://ga.jspm.io/npm:@sentry/utils@7.15.0/esm/buildPolyfills/index.js": "703d6cead6119e89357251326def76bb8b415eb34a0579d33011c453632c9f9d",
    "https://ga.jspm.io/npm:@sentry/utils@7.15.0/esm/index.js": "6fcc3920dc7a9f7cbe53c18cb1e90250450b1a3d6591a58fbdb3dbe1f031abe0",
    "https://ga.jspm.io/npm:@sentry/utils@7.15.0/esm/is.js": "21a8ca68d8f67a4841e75db6ac5cd5f4b962f4464ea465ba3ac20b2756ae6c52",
    "https://ga.jspm.io/npm:@sentry/utils@7.15.0/esm/logger.js": "42c2013da1ba11b79849d228f01d575316742ea567e586e0a9ba287e3ff9dafe",
    "https://ga.jspm.io/npm:@sentry/utils@7.15.0/esm/misc.js": "3e690160085f34d6100696c4574733302ba3f2a5a138417650a7314fcb549e69",
    "https://ga.jspm.io/npm:@sentry/utils@7.15.0/esm/path.js": "70490711c5bd8e06e02698cc077307e7588f6de804e3e6538882cf25c170b748",
    "https://ga.jspm.io/npm:@sentry/utils@7.15.0/esm/string.js": "33e188749ff0a30222a761a89d873bdb4ebe190effc3e41cb19fcd1cdfcea3a0",
    "https://ga.jspm.io/npm:@sentry/utils@7.15.0/esm/supports.js": "832223b3e836e6e67e66afc92dfc9e2d8689f4bb60111ddeeb31dab488ecafc6",
    "https://raw.githubusercontent.com/DefinitelyTyped/DefinitelyTyped/master/types/wicg-file-system-access/index.d.ts": "eecfe1cd195e2a5d5346ac302488ab650de0e3e79e5f426f7b215278f1ba9824"
  }
}