{
  "name": "pgs-to-srt-web",
  "version": "1.0.0",
  "lockfileVersion": 3,
  "requires": true,
  "packages": {
    "": {
      "name": "pgs-to-srt-web",
      "version": "1.0.0",
      "dependencies": {
        "@sentry/browser": "^8.14.0"
      },
      "devDependencies": {
        "@tsconfig/recommended": "^1.0.7",
        "@types/gtag.js": "^0.0.20",
        "typescript": "^5.5.3"
      }
    },
    "node_modules/@sentry-internal/browser-utils": {
      "version": "8.14.0",
      "resolved": "https://registry.npmjs.org/@sentry-internal/browser-utils/-/browser-utils-8.14.0.tgz",
      "integrity": "sha512-ldIa3qeMYZ5WUdcuBqQhXOSrEPZwB09gmELzFietjcPZTK1naAE5g5On94gpj1je1dn1S0+tXJ0a7SJS9Tu4Sw==",
      "dependencies": {
        "@sentry/core": "8.14.0",
        "@sentry/types": "8.14.0",
        "@sentry/utils": "8.14.0"
      },
      "engines": {
        "node": ">=14.18"
      }
    },
    "node_modules/@sentry-internal/feedback": {
      "version": "8.14.0",
      "resolved": "https://registry.npmjs.org/@sentry-internal/feedback/-/feedback-8.14.0.tgz",
      "integrity": "sha512-0mBSTdoCEgzWS4btIIZF8XSnAo0eK6gr7Md7xVVOZMd/er0DgYVKl+z3dMoidyijGcrAlJssECUxWHOV3iJitQ==",
      "dependencies": {
        "@sentry/core": "8.14.0",
        "@sentry/types": "8.14.0",
        "@sentry/utils": "8.14.0"
      },
      "engines": {
        "node": ">=14.18"
      }
    },
    "node_modules/@sentry-internal/replay": {
      "version": "8.14.0",
      "resolved": "https://registry.npmjs.org/@sentry-internal/replay/-/replay-8.14.0.tgz",
      "integrity": "sha512-ntc4+1asXCUvM/Oiot/z3+mlCZ83imphbPdiI9ilLErQjDsXFsvNTXe6a0TMoCckKcnypTG6LFyQS62okDiG5Q==",
      "dependencies": {
        "@sentry-internal/browser-utils": "8.14.0",
        "@sentry/core": "8.14.0",
        "@sentry/types": "8.14.0",
        "@sentry/utils": "8.14.0"
      },
      "engines": {
        "node": ">=14.18"
      }
    },
    "node_modules/@sentry-internal/replay-canvas": {
      "version": "8.14.0",
      "resolved": "https://registry.npmjs.org/@sentry-internal/replay-canvas/-/replay-canvas-8.14.0.tgz",
      "integrity": "sha512-8md1ZxuEk51PNFPbwxVDc7RJ7RSNWHiGLNWYQO/MTKonZf78x4OfQLNIHgQ4z4nMUP38NfjMVkNi21LGW+vMNA==",
      "dependencies": {
        "@sentry-internal/replay": "8.14.0",
        "@sentry/core": "8.14.0",
        "@sentry/types": "8.14.0",
        "@sentry/utils": "8.14.0"
      },
      "engines": {
        "node": ">=14.18"
      }
    },
    "node_modules/@sentry/browser": {
      "version": "8.14.0",
      "resolved": "https://registry.npmjs.org/@sentry/browser/-/browser-8.14.0.tgz",
      "integrity": "sha512-XQ28e/vcxtI+TwSpvfqS86nZtY0538ZUdda1vZmkpu9eXT632tzk1P8rNhiIUs0lCssQw8sakTUzjxZxEe0+ZA==",
      "dependencies": {
        "@sentry-internal/browser-utils": "8.14.0",
        "@sentry-internal/feedback": "8.14.0",
        "@sentry-internal/replay": "8.14.0",
        "@sentry-internal/replay-canvas": "8.14.0",
        "@sentry/core": "8.14.0",
        "@sentry/types": "8.14.0",
        "@sentry/utils": "8.14.0"
      },
      "engines": {
        "node": ">=14.18"
      }
    },
    "node_modules/@sentry/core": {
      "version": "8.14.0",
      "resolved": "https://registry.npmjs.org/@sentry/core/-/core-8.14.0.tgz",
      "integrity": "sha512-kEB8R3hMxdJRzwZwNqIxwrnmKx/iNl2ZHL/48/ywJu4u+qkBqQs9OsR+ACa+eZyAZTY5T0cPRGsUcNdnwy1ZAg==",
      "dependencies": {
        "@sentry/types": "8.14.0",
        "@sentry/utils": "8.14.0"
      },
      "engines": {
        "node": ">=14.18"
      }
    },
    "node_modules/@sentry/types": {
      "version": "8.14.0",
      "resolved": "https://registry.npmjs.org/@sentry/types/-/types-8.14.0.tgz",
      "integrity": "sha512-RTXp96JPY3OM7Y3J8CaAYEkhosyTXrT/2uE7dTmPn1z7Oxunp8MYyyfSU4HtvDeMA3dxbI4dhNmXpfRyclV4Ew==",
      "engines": {
        "node": ">=14.18"
      }
    },
    "node_modules/@sentry/utils": {
      "version": "8.14.0",
      "resolved": "https://registry.npmjs.org/@sentry/utils/-/utils-8.14.0.tgz",
      "integrity": "sha512-EWlBrYEqdgmDn/C8iRr+z2jSwUXOQL73NG+cbsJtGWSDGSmBLsGNPk2wgKq6U5Nu7Icyw2+10QbbqS5F1Q1bvQ==",
      "dependencies": {
        "@sentry/types": "8.14.0"
      },
      "engines": {
        "node": ">=14.18"
      }
    },
    "node_modules/@tsconfig/recommended": {
      "version": "1.0.7",
      "resolved": "https://registry.npmjs.org/@tsconfig/recommended/-/recommended-1.0.7.tgz",
      "integrity": "sha512-xiNMgCuoy4mCL4JTywk9XFs5xpRUcKxtWEcMR6FNMtsgewYTIgIR+nvlP4A4iRCAzRsHMnPhvTRrzp4AGcRTEA==",
      "dev": true
    },
    "node_modules/@types/gtag.js": {
      "version": "0.0.20",
      "resolved": "https://registry.npmjs.org/@types/gtag.js/-/gtag.js-0.0.20.tgz",
      "integrity": "sha512-wwAbk3SA2QeU67unN7zPxjEHmPmlXwZXZvQEpbEUQuMCRGgKyE1m6XDuTUA9b6pCGb/GqJmdfMOY5LuDjJSbbg==",
      "dev": true
    },
    "node_modules/typescript": {
      "version": "5.5.3",
      "resolved": "https://registry.npmjs.org/typescript/-/typescript-5.5.3.tgz",
      "integrity": "sha512-/hreyEujaB0w76zKo6717l3L0o/qEUtRgdvUBvlkhoWeOVMjMuHNHk0BRBzikzuGDqNmPQbg5ifMEqsHLiIUcQ==",
      "dev": true,
      "bin": {
        "tsc": "bin/tsc",
        "tsserver": "bin/tsserver"
      },
      "engines": {
        "node": ">=14.17"
      }
    }
  }
}
