{
  "name": "pgs-to-srt-web",
  "version": "1.0.0",
  "lockfileVersion": 3,
  "requires": true,
  "packages": {
    "": {
      "name": "pgs-to-srt-web",
      "version": "1.0.0",
      "dependencies": {
        "@sentry/browser": "^10.15.0"
      },
      "devDependencies": {
        "@tsconfig/recommended": "^1.0.10",
        "@types/gtag.js": "^0.0.20",
        "typescript": "^5.8.3"
      }
    },
    "node_modules/@sentry-internal/browser-utils": {
      "version": "10.15.0",
      "resolved": "https://registry.npmjs.org/@sentry-internal/browser-utils/-/browser-utils-10.15.0.tgz",
      "integrity": "sha512-hJxo6rj3cMqiYlZd6PC8o/i2FG6hRnZdHcJkfm1HXgWCRgdCPilKghL6WU+B2H5dLyRKJ17nWjDAVQPRdCxO9w==",
      "license": "MIT",
      "dependencies": {
        "@sentry/core": "10.15.0"
      },
      "engines": {
        "node": ">=18"
      }
    },
    "node_modules/@sentry-internal/feedback": {
      "version": "10.15.0",
      "resolved": "https://registry.npmjs.org/@sentry-internal/feedback/-/feedback-10.15.0.tgz",
      "integrity": "sha512-EP+NvdU9yfmepGzQwz0jnqhd0DBxHzrP16TsJIVXJe93QJ+gumdN3XQ0lvYtEC9zHuU08DghRLjfI1kLRfGzdQ==",
      "license": "MIT",
      "dependencies": {
        "@sentry/core": "10.15.0"
      },
      "engines": {
        "node": ">=18"
      }
    },
    "node_modules/@sentry-internal/replay": {
      "version": "10.15.0",
      "resolved": "https://registry.npmjs.org/@sentry-internal/replay/-/replay-10.15.0.tgz",
      "integrity": "sha512-vHBAFVdDfa51oqPWyRCK4fOIFhFeE2mVlqBWrBb+S3vCNcmtpvqJUq6o4sjSYcQzdZQpMSp5/Lj8Y3a8x/ed7w==",
      "license": "MIT",
      "dependencies": {
        "@sentry-internal/browser-utils": "10.15.0",
        "@sentry/core": "10.15.0"
      },
      "engines": {
        "node": ">=18"
      }
    },
    "node_modules/@sentry-internal/replay-canvas": {
      "version": "10.15.0",
      "resolved": "https://registry.npmjs.org/@sentry-internal/replay-canvas/-/replay-canvas-10.15.0.tgz",
      "integrity": "sha512-SXgUWArk+haUJ24W6pIm9IiwmIk3WxeQyFUxFfMUetSRb06CVAoNjPb0YuzKIeuFYJb6hDPGQ9UWhShnQpTmkw==",
      "license": "MIT",
      "dependencies": {
        "@sentry-internal/replay": "10.15.0",
        "@sentry/core": "10.15.0"
      },
      "engines": {
        "node": ">=18"
      }
    },
    "node_modules/@sentry/browser": {
      "version": "10.15.0",
      "resolved": "https://registry.npmjs.org/@sentry/browser/-/browser-10.15.0.tgz",
      "integrity": "sha512-YV42VgW7xdmY23u7+nQLNJXDVilNTP0d5WWkHDxeI/uD6AAvn3GyKjx1YMG/KCulxva3dPDPEUunzDm3al26Sw==",
      "license": "MIT",
      "dependencies": {
        "@sentry-internal/browser-utils": "10.15.0",
        "@sentry-internal/feedback": "10.15.0",
        "@sentry-internal/replay": "10.15.0",
        "@sentry-internal/replay-canvas": "10.15.0",
        "@sentry/core": "10.15.0"
      },
      "engines": {
        "node": ">=18"
      }
    },
    "node_modules/@sentry/core": {
      "version": "10.15.0",
      "resolved": "https://registry.npmjs.org/@sentry/core/-/core-10.15.0.tgz",
      "integrity": "sha512-J7WsQvb9G6nsVgWkTHwyX7wR2djtEACYCx19hAnRbSGIg+ysVG+7Ti3RL4bz9/VXfcxsz346cleKc7ljhynYlQ==",
      "license": "MIT",
      "engines": {
        "node": ">=18"
      }
    },
    "node_modules/@tsconfig/recommended": {
      "version": "1.0.10",
      "resolved": "https://registry.npmjs.org/@tsconfig/recommended/-/recommended-1.0.10.tgz",
      "integrity": "sha512-cGvydvg03lONp5Z9yaplW493Vw9/um7k588mvDkm+VFPF2PZUVPx0uswq4PFpeEySsLbQRETrDRhzh4Dmxaslw==",
      "dev": true,
      "license": "MIT"
    },
    "node_modules/@types/gtag.js": {
      "version": "0.0.20",
      "resolved": "https://registry.npmjs.org/@types/gtag.js/-/gtag.js-0.0.20.tgz",
      "integrity": "sha512-wwAbk3SA2QeU67unN7zPxjEHmPmlXwZXZvQEpbEUQuMCRGgKyE1m6XDuTUA9b6pCGb/GqJmdfMOY5LuDjJSbbg==",
      "dev": true
    },
    "node_modules/typescript": {
      "version": "5.8.3",
      "resolved": "https://registry.npmjs.org/typescript/-/typescript-5.8.3.tgz",
      "integrity": "sha512-p1diW6TqL9L07nNxvRMM7hMMw4c5XOo/1ibL4aAIGmSAt9slTE1Xgw5KWuof2uTOvCg9BY7ZRi+GaF+7sfgPeQ==",
      "dev": true,
      "license": "Apache-2.0",
      "bin": {
        "tsc": "bin/tsc",
        "tsserver": "bin/tsserver"
      },
      "engines": {
        "node": ">=14.17"
      }
    }
  }
}
