{
  "name": "pgs-to-srt-web",
  "version": "1.0.0",
  "lockfileVersion": 3,
  "requires": true,
  "packages": {
    "": {
      "name": "pgs-to-srt-web",
      "version": "1.0.0",
      "dependencies": {
        "@sentry/browser": "^7.85.0",
        "@sentry/tracing": "^7.84.0"
      },
      "devDependencies": {
        "@tsconfig/recommended": "^1.0.3",
        "@types/gtag.js": "^0.0.18",
        "typescript": "^5.3.2"
      }
    },
    "node_modules/@sentry-internal/feedback": {
      "version": "7.85.0",
      "resolved": "https://registry.npmjs.org/@sentry-internal/feedback/-/feedback-7.85.0.tgz",
      "integrity": "sha512-MlbIN+N8CWFJBjbqMmARe4+UPo9QRhRar0YoOfmNA2Xqk/EwXcjHWkealosHznXH7tqVbjB25QJpHtDystft/Q==",
      "dependencies": {
        "@sentry/core": "7.85.0",
        "@sentry/types": "7.85.0",
        "@sentry/utils": "7.85.0"
      },
      "engines": {
        "node": ">=12"
      }
    },
    "node_modules/@sentry-internal/feedback/node_modules/@sentry/core": {
      "version": "7.85.0",
      "resolved": "https://registry.npmjs.org/@sentry/core/-/core-7.85.0.tgz",
      "integrity": "sha512-DFDAc4tWmHN5IWhr7XbHCiyF1Xgb95jz8Uj/JTX9atlgodId1UIbER77qpEmH3eQGid/QBdqrlR98zCixgSbwg==",
      "dependencies": {
        "@sentry/types": "7.85.0",
        "@sentry/utils": "7.85.0"
      },
      "engines": {
        "node": ">=8"
      }
    },
    "node_modules/@sentry-internal/feedback/node_modules/@sentry/types": {
      "version": "7.85.0",
      "resolved": "https://registry.npmjs.org/@sentry/types/-/types-7.85.0.tgz",
      "integrity": "sha512-R5jR4XkK5tBU2jDiPdSVqzkmjYRr666bcGaFGUHB/xDQCjPsjk+pEmCCL+vpuWoaZmQJUE1hVU7rgnVX81w8zg==",
      "engines": {
        "node": ">=8"
      }
    },
    "node_modules/@sentry-internal/feedback/node_modules/@sentry/utils": {
      "version": "7.85.0",
      "resolved": "https://registry.npmjs.org/@sentry/utils/-/utils-7.85.0.tgz",
      "integrity": "sha512-JZ7seNOLvhjAQ8GeB3GYknPQJkuhF88xAYOaESZP3xPOWBMFUN+IO4RqjMqMLFDniOwsVQS7GB/MfP+hxufieg==",
      "dependencies": {
        "@sentry/types": "7.85.0"
      },
      "engines": {
        "node": ">=8"
      }
    },
    "node_modules/@sentry-internal/tracing": {
      "version": "7.84.0",
      "resolved": "https://registry.npmjs.org/@sentry-internal/tracing/-/tracing-7.84.0.tgz",
      "integrity": "sha512-y9bGYA0OM6PEREfd+nk4UURZy29tpIw+7vQwpxWfEVs2fqq0/5TBFX/tKFb8AKUI9lVM8v0bcF0bNSCnuPQZHQ==",
      "dependencies": {
        "@sentry/core": "7.84.0",
        "@sentry/types": "7.84.0",
        "@sentry/utils": "7.84.0"
      },
      "engines": {
        "node": ">=8"
      }
    },
    "node_modules/@sentry/browser": {
      "version": "7.85.0",
      "resolved": "https://registry.npmjs.org/@sentry/browser/-/browser-7.85.0.tgz",
      "integrity": "sha512-x4sH7vTQnZQgy1U7NuN8XwhleAw7YMQitccHeC5m+kpIKGUO7w4Mdvu8rD3dnjmVmZvASpnwocAxy57/vCU6Ww==",
      "dependencies": {
        "@sentry-internal/feedback": "7.85.0",
        "@sentry-internal/tracing": "7.85.0",
        "@sentry/core": "7.85.0",
        "@sentry/replay": "7.85.0",
        "@sentry/types": "7.85.0",
        "@sentry/utils": "7.85.0"
      },
      "engines": {
        "node": ">=8"
      }
    },
    "node_modules/@sentry/browser/node_modules/@sentry-internal/tracing": {
      "version": "7.85.0",
      "resolved": "https://registry.npmjs.org/@sentry-internal/tracing/-/tracing-7.85.0.tgz",
      "integrity": "sha512-p3YMUwkPCy2su9cm/3+7QYR4RiMI0+07DU1BZtht9NLTzY2O87/yvUbn1v2yHR3vJQTy/+7N0ud9/mPBFznRQQ==",
      "dependencies": {
        "@sentry/core": "7.85.0",
        "@sentry/types": "7.85.0",
        "@sentry/utils": "7.85.0"
      },
      "engines": {
        "node": ">=8"
      }
    },
    "node_modules/@sentry/browser/node_modules/@sentry/core": {
      "version": "7.85.0",
      "resolved": "https://registry.npmjs.org/@sentry/core/-/core-7.85.0.tgz",
      "integrity": "sha512-DFDAc4tWmHN5IWhr7XbHCiyF1Xgb95jz8Uj/JTX9atlgodId1UIbER77qpEmH3eQGid/QBdqrlR98zCixgSbwg==",
      "dependencies": {
        "@sentry/types": "7.85.0",
        "@sentry/utils": "7.85.0"
      },
      "engines": {
        "node": ">=8"
      }
    },
    "node_modules/@sentry/browser/node_modules/@sentry/types": {
      "version": "7.85.0",
      "resolved": "https://registry.npmjs.org/@sentry/types/-/types-7.85.0.tgz",
      "integrity": "sha512-R5jR4XkK5tBU2jDiPdSVqzkmjYRr666bcGaFGUHB/xDQCjPsjk+pEmCCL+vpuWoaZmQJUE1hVU7rgnVX81w8zg==",
      "engines": {
        "node": ">=8"
      }
    },
    "node_modules/@sentry/browser/node_modules/@sentry/utils": {
      "version": "7.85.0",
      "resolved": "https://registry.npmjs.org/@sentry/utils/-/utils-7.85.0.tgz",
      "integrity": "sha512-JZ7seNOLvhjAQ8GeB3GYknPQJkuhF88xAYOaESZP3xPOWBMFUN+IO4RqjMqMLFDniOwsVQS7GB/MfP+hxufieg==",
      "dependencies": {
        "@sentry/types": "7.85.0"
      },
      "engines": {
        "node": ">=8"
      }
    },
    "node_modules/@sentry/core": {
      "version": "7.84.0",
      "resolved": "https://registry.npmjs.org/@sentry/core/-/core-7.84.0.tgz",
      "integrity": "sha512-tbuwunbBx2kSex15IHCqHDnrMfIlqPc6w/76fwkGqokz3oh9GSEGlLICwmBWL8AypWimUg13IDtFpD0TJTriWA==",
      "dependencies": {
        "@sentry/types": "7.84.0",
        "@sentry/utils": "7.84.0"
      },
      "engines": {
        "node": ">=8"
      }
    },
    "node_modules/@sentry/replay": {
      "version": "7.85.0",
      "resolved": "https://registry.npmjs.org/@sentry/replay/-/replay-7.85.0.tgz",
      "integrity": "sha512-zVtTKfO+lu5qTwHpETI/oGo8hU3rdKHr3CdI1vRLw+d60PcAa/pWVlXsQeLRTw8PFwE358gHcpFZezj/11afew==",
      "dependencies": {
        "@sentry-internal/tracing": "7.85.0",
        "@sentry/core": "7.85.0",
        "@sentry/types": "7.85.0",
        "@sentry/utils": "7.85.0"
      },
      "engines": {
        "node": ">=12"
      }
    },
    "node_modules/@sentry/replay/node_modules/@sentry-internal/tracing": {
      "version": "7.85.0",
      "resolved": "https://registry.npmjs.org/@sentry-internal/tracing/-/tracing-7.85.0.tgz",
      "integrity": "sha512-p3YMUwkPCy2su9cm/3+7QYR4RiMI0+07DU1BZtht9NLTzY2O87/yvUbn1v2yHR3vJQTy/+7N0ud9/mPBFznRQQ==",
      "dependencies": {
        "@sentry/core": "7.85.0",
        "@sentry/types": "7.85.0",
        "@sentry/utils": "7.85.0"
      },
      "engines": {
        "node": ">=8"
      }
    },
    "node_modules/@sentry/replay/node_modules/@sentry/core": {
      "version": "7.85.0",
      "resolved": "https://registry.npmjs.org/@sentry/core/-/core-7.85.0.tgz",
      "integrity": "sha512-DFDAc4tWmHN5IWhr7XbHCiyF1Xgb95jz8Uj/JTX9atlgodId1UIbER77qpEmH3eQGid/QBdqrlR98zCixgSbwg==",
      "dependencies": {
        "@sentry/types": "7.85.0",
        "@sentry/utils": "7.85.0"
      },
      "engines": {
        "node": ">=8"
      }
    },
    "node_modules/@sentry/replay/node_modules/@sentry/types": {
      "version": "7.85.0",
      "resolved": "https://registry.npmjs.org/@sentry/types/-/types-7.85.0.tgz",
      "integrity": "sha512-R5jR4XkK5tBU2jDiPdSVqzkmjYRr666bcGaFGUHB/xDQCjPsjk+pEmCCL+vpuWoaZmQJUE1hVU7rgnVX81w8zg==",
      "engines": {
        "node": ">=8"
      }
    },
    "node_modules/@sentry/replay/node_modules/@sentry/utils": {
      "version": "7.85.0",
      "resolved": "https://registry.npmjs.org/@sentry/utils/-/utils-7.85.0.tgz",
      "integrity": "sha512-JZ7seNOLvhjAQ8GeB3GYknPQJkuhF88xAYOaESZP3xPOWBMFUN+IO4RqjMqMLFDniOwsVQS7GB/MfP+hxufieg==",
      "dependencies": {
        "@sentry/types": "7.85.0"
      },
      "engines": {
        "node": ">=8"
      }
    },
    "node_modules/@sentry/tracing": {
      "version": "7.84.0",
      "resolved": "https://registry.npmjs.org/@sentry/tracing/-/tracing-7.84.0.tgz",
      "integrity": "sha512-NhBX28vUmCu/5avyGKX6B4UTm4MTOfbdg9ZzCnS7hPuWDfEAUIVHZVryi2q8bqp2DNGJvS9qIq/TSf39JIpdJg==",
      "dependencies": {
        "@sentry-internal/tracing": "7.84.0"
      },
      "engines": {
        "node": ">=8"
      }
    },
    "node_modules/@sentry/types": {
      "version": "7.84.0",
      "resolved": "https://registry.npmjs.org/@sentry/types/-/types-7.84.0.tgz",
      "integrity": "sha512-VqGLIF3JOUrk7yIXjLXJvAORkZL1e3dDX0Q1okRehwyt/5CRE+mdUTeJZkBo9P9mBwgMyvtwklzOGGrzjb4eMA==",
      "engines": {
        "node": ">=8"
      }
    },
    "node_modules/@sentry/utils": {
      "version": "7.84.0",
      "resolved": "https://registry.npmjs.org/@sentry/utils/-/utils-7.84.0.tgz",
      "integrity": "sha512-qdUVuxnRBvaf05AU+28R+xYtZmi/Ymf8os3Njq9g4XuA+QEkZLbzmIpRK5W9Ja7vUtjOeg29Xgg43A8znde9LQ==",
      "dependencies": {
        "@sentry/types": "7.84.0"
      },
      "engines": {
        "node": ">=8"
      }
    },
    "node_modules/@tsconfig/recommended": {
      "version": "1.0.3",
      "resolved": "https://registry.npmjs.org/@tsconfig/recommended/-/recommended-1.0.3.tgz",
      "integrity": "sha512-+jby/Guq9H8O7NWgCv6X8VAiQE8Dr/nccsCtL74xyHKhu2Knu5EAKmOZj3nLCnLm1KooUzKY+5DsnGVqhM8/wQ==",
      "dev": true
    },
    "node_modules/@types/gtag.js": {
      "version": "0.0.18",
      "resolved": "https://registry.npmjs.org/@types/gtag.js/-/gtag.js-0.0.18.tgz",
      "integrity": "sha512-GJxnIvuXuVhKaHfsOdzGipoOoXq72y3mdcncc9h6i6E7nlz89zBEj2wrLM7bqO5Xk9Lm2B94MwdQsSwRlaPSWw==",
      "dev": true
    },
    "node_modules/typescript": {
      "version": "5.3.2",
      "resolved": "https://registry.npmjs.org/typescript/-/typescript-5.3.2.tgz",
      "integrity": "sha512-6l+RyNy7oAHDfxC4FzSJcz9vnjTKxrLpDG5M2Vu4SHRVNg6xzqZp6LYSR9zjqQTu8DU/f5xwxUdADOkbrIX2gQ==",
      "dev": true,
      "bin": {
        "tsc": "bin/tsc",
        "tsserver": "bin/tsserver"
      },
      "engines": {
        "node": ">=14.17"
      }
    }
  }
}
